// !$*UTF8*$!
{
	archiveVersion = 1;
	classes = {
	};
	objectVersion = 50;
	objects = {

/* Begin PBXBuildFile section */
		0BBCAA99221123F500DD2A32 /* simulate.cpp in Sources */ = {isa = PBXBuildFile; fileRef = 0BBCAA8E221123F500DD2A32 /* simulate.cpp */; };
		0BBCAA9A221123F500DD2A32 /* tests.cpp in Sources */ = {isa = PBXBuildFile; fileRef = 0BBCAA8F221123F500DD2A32 /* tests.cpp */; };
		0BBCAA9B221123F500DD2A32 /* debugging_helpers.cpp in Sources */ = {isa = PBXBuildFile; fileRef = 0BBCAA90221123F500DD2A32 /* debugging_helpers.cpp */; };
		0BBCAA9C221123F500DD2A32 /* localizer.cpp in Sources */ = {isa = PBXBuildFile; fileRef = 0BBCAA91221123F500DD2A32 /* localizer.cpp */; };
		0BBCAA9D221123F500DD2A32 /* helpers.cpp in Sources */ = {isa = PBXBuildFile; fileRef = 0BBCAA93221123F500DD2A32 /* helpers.cpp */; };
/* End PBXBuildFile section */

/* Begin PBXCopyFilesBuildPhase section */
		0BBCAA822211233400DD2A32 /* CopyFiles */ = {
			isa = PBXCopyFilesBuildPhase;
			buildActionMask = 2147483647;
			dstPath = /usr/share/man/man1/;
			dstSubfolderSpec = 0;
			files = (
			);
			runOnlyForDeploymentPostprocessing = 1;
		};
/* End PBXCopyFilesBuildPhase section */

/* Begin PBXFileReference section */
		0BBCAA842211233400DD2A32 /* translate python to C++ */ = {isa = PBXFileReference; explicitFileType = "compiled.mach-o.executable"; includeInIndex = 0; path = "translate python to C++"; sourceTree = BUILT_PRODUCTS_DIR; };
		0BBCAA8E221123F500DD2A32 /* simulate.cpp */ = {isa = PBXFileReference; fileEncoding = 4; lastKnownFileType = sourcecode.cpp.cpp; path = simulate.cpp; sourceTree = "<group>"; };
		0BBCAA8F221123F500DD2A32 /* tests.cpp */ = {isa = PBXFileReference; fileEncoding = 4; lastKnownFileType = sourcecode.cpp.cpp; path = tests.cpp; sourceTree = "<group>"; };
		0BBCAA90221123F500DD2A32 /* debugging_helpers.cpp */ = {isa = PBXFileReference; fileEncoding = 4; lastKnownFileType = sourcecode.cpp.cpp; path = debugging_helpers.cpp; sourceTree = "<group>"; };
		0BBCAA91221123F500DD2A32 /* localizer.cpp */ = {isa = PBXFileReference; fileEncoding = 4; lastKnownFileType = sourcecode.cpp.cpp; path = localizer.cpp; sourceTree = "<group>"; };
		0BBCAA92221123F500DD2A32 /* helpers.h */ = {isa = PBXFileReference; fileEncoding = 4; lastKnownFileType = sourcecode.c.h; path = helpers.h; sourceTree = "<group>"; };
		0BBCAA93221123F500DD2A32 /* helpers.cpp */ = {isa = PBXFileReference; fileEncoding = 4; lastKnownFileType = sourcecode.cpp.cpp; path = helpers.cpp; sourceTree = "<group>"; };
		0BBCAA94221123F500DD2A32 /* maps */ = {isa = PBXFileReference; lastKnownFileType = folder; path = maps; sourceTree = "<group>"; };
		0BBCAA95221123F500DD2A32 /* simulate.h */ = {isa = PBXFileReference; fileEncoding = 4; lastKnownFileType = sourcecode.c.h; path = simulate.h; sourceTree = "<group>"; };
		0BBCAA96221123F500DD2A32 /* debugging_helpers.h */ = {isa = PBXFileReference; fileEncoding = 4; lastKnownFileType = sourcecode.c.h; path = debugging_helpers.h; sourceTree = "<group>"; };
		0BBCAA97221123F500DD2A32 /* tests.h */ = {isa = PBXFileReference; fileEncoding = 4; lastKnownFileType = sourcecode.c.h; path = tests.h; sourceTree = "<group>"; };
		0BBCAA98221123F500DD2A32 /* localizer.h */ = {isa = PBXFileReference; fileEncoding = 4; lastKnownFileType = sourcecode.c.h; path = localizer.h; sourceTree = "<group>"; };
/* End PBXFileReference section */

/* Begin PBXFrameworksBuildPhase section */
		0BBCAA812211233400DD2A32 /* Frameworks */ = {
			isa = PBXFrameworksBuildPhase;
			buildActionMask = 2147483647;
			files = (
			);
			runOnlyForDeploymentPostprocessing = 0;
		};
/* End PBXFrameworksBuildPhase section */

/* Begin PBXGroup section */
		0BBCAA7B2211233400DD2A32 = {
			isa = PBXGroup;
			children = (
				0BBCAA862211233400DD2A32 /* translate python to C++ */,
				0BBCAA852211233400DD2A32 /* Products */,
			);
			sourceTree = "<group>";
		};
		0BBCAA852211233400DD2A32 /* Products */ = {
			isa = PBXGroup;
			children = (
				0BBCAA842211233400DD2A32 /* translate python to C++ */,
			);
			name = Products;
			sourceTree = "<group>";
		};
		0BBCAA862211233400DD2A32 /* translate python to C++ */ = {
			isa = PBXGroup;
			children = (
				0BBCAA90221123F500DD2A32 /* debugging_helpers.cpp */,
				0BBCAA96221123F500DD2A32 /* debugging_helpers.h */,
				0BBCAA93221123F500DD2A32 /* helpers.cpp */,
				0BBCAA92221123F500DD2A32 /* helpers.h */,
				0BBCAA91221123F500DD2A32 /* localizer.cpp */,
				0BBCAA98221123F500DD2A32 /* localizer.h */,
				0BBCAA94221123F500DD2A32 /* maps */,
				0BBCAA8E221123F500DD2A32 /* simulate.cpp */,
				0BBCAA95221123F500DD2A32 /* simulate.h */,
				0BBCAA8F221123F500DD2A32 /* tests.cpp */,
				0BBCAA97221123F500DD2A32 /* tests.h */,
			);
			path = "translate python to C++";
			sourceTree = "<group>";
		};
/* End PBXGroup section */

/* Begin PBXNativeTarget section */
		0BBCAA832211233400DD2A32 /* translate python to C++ */ = {
			isa = PBXNativeTarget;
			buildConfigurationList = 0BBCAA8B2211233400DD2A32 /* Build configuration list for PBXNativeTarget "translate python to C++" */;
			buildPhases = (
				0BBCAA802211233400DD2A32 /* Sources */,
				0BBCAA812211233400DD2A32 /* Frameworks */,
				0BBCAA822211233400DD2A32 /* CopyFiles */,
			);
			buildRules = (
			);
			dependencies = (
			);
			name = "translate python to C++";
			productName = "translate python to C++";
			productReference = 0BBCAA842211233400DD2A32 /* translate python to C++ */;
			productType = "com.apple.product-type.tool";
		};
/* End PBXNativeTarget section */

/* Begin PBXProject section */
		0BBCAA7C2211233400DD2A32 /* Project object */ = {
			isa = PBXProject;
			attributes = {
				LastUpgradeCheck = 1010;
				ORGANIZATIONNAME = "Chen Hao Chang";
				TargetAttributes = {
					0BBCAA832211233400DD2A32 = {
						CreatedOnToolsVersion = 10.1;
					};
				};
			};
			buildConfigurationList = 0BBCAA7F2211233400DD2A32 /* Build configuration list for PBXProject "translate python to C++" */;
			compatibilityVersion = "Xcode 9.3";
			developmentRegion = en;
			hasScannedForEncodings = 0;
			knownRegions = (
				en,
			);
			mainGroup = 0BBCAA7B2211233400DD2A32;
			productRefGroup = 0BBCAA852211233400DD2A32 /* Products */;
			projectDirPath = "";
			projectRoot = "";
			targets = (
				0BBCAA832211233400DD2A32 /* translate python to C++ */,
			);
		};
/* End PBXProject section */

/* Begin PBXSourcesBuildPhase section */
		0BBCAA802211233400DD2A32 /* Sources */ = {
			isa = PBXSourcesBuildPhase;
			buildActionMask = 2147483647;
			files = (
				0BBCAA9B221123F500DD2A32 /* debugging_helpers.cpp in Sources */,
				0BBCAA9D221123F500DD2A32 /* helpers.cpp in Sources */,
				0BBCAA99221123F500DD2A32 /* simulate.cpp in Sources */,
				0BBCAA9C221123F500DD2A32 /* localizer.cpp in Sources */,
				0BBCAA9A221123F500DD2A32 /* tests.cpp in Sources */,
			);
			runOnlyForDeploymentPostprocessing = 0;
		};
/* End PBXSourcesBuildPhase section */

/* Begin XCBuildConfiguration section */
		0BBCAA892211233400DD2A32 /* Debug */ = {
			isa = XCBuildConfiguration;
			buildSettings = {
				ALWAYS_SEARCH_USER_PATHS = NO;
				CLANG_ANALYZER_NONNULL = YES;
				CLANG_ANALYZER_NUMBER_OBJECT_CONVERSION = YES_AGGRESSIVE;
				CLANG_CXX_LANGUAGE_STANDARD = "gnu++14";
				CLANG_CXX_LIBRARY = "libc++";
				CLANG_ENABLE_MODULES = YES;
				CLANG_ENABLE_OBJC_ARC = YES;
				CLANG_ENABLE_OBJC_WEAK = YES;
				CLANG_WARN_BLOCK_CAPTURE_AUTORELEASING = YES;
				CLANG_WARN_BOOL_CONVERSION = YES;
				CLANG_WARN_COMMA = YES;
				CLANG_WARN_CONSTANT_CONVERSION = YES;
				CLANG_WARN_DEPRECATED_OBJC_IMPLEMENTATIONS = YES;
				CLANG_WARN_DIRECT_OBJC_ISA_USAGE = YES_ERROR;
				CLANG_WARN_DOCUMENTATION_COMMENTS = YES;
				CLANG_WARN_EMPTY_BODY = YES;
				CLANG_WARN_ENUM_CONVERSION = YES;
				CLANG_WARN_INFINITE_RECURSION = YES;
				CLANG_WARN_INT_CONVERSION = YES;
				CLANG_WARN_NON_LITERAL_NULL_CONVERSION = YES;
				CLANG_WARN_OBJC_IMPLICIT_RETAIN_SELF = YES;
				CLANG_WARN_OBJC_LITERAL_CONVERSION = YES;
				CLANG_WARN_OBJC_ROOT_CLASS = YES_ERROR;
				CLANG_WARN_RANGE_LOOP_ANALYSIS = YES;
				CLANG_WARN_STRICT_PROTOTYPES = YES;
				CLANG_WARN_SUSPICIOUS_MOVE = YES;
				CLANG_WARN_UNGUARDED_AVAILABILITY = YES_AGGRESSIVE;
				CLANG_WARN_UNREACHABLE_CODE = YES;
				CLANG_WARN__DUPLICATE_METHOD_MATCH = YES;
				CODE_SIGN_IDENTITY = "-";
				COPY_PHASE_STRIP = NO;
				DEBUG_INFORMATION_FORMAT = dwarf;
				ENABLE_STRICT_OBJC_MSGSEND = YES;
				ENABLE_TESTABILITY = YES;
				GCC_C_LANGUAGE_STANDARD = gnu11;
				GCC_DYNAMIC_NO_PIC = NO;
				GCC_NO_COMMON_BLOCKS = YES;
				GCC_OPTIMIZATION_LEVEL = 0;
				GCC_PREPROCESSOR_DEFINITIONS = (
					"DEBUG=1",
					"$(inherited)",
				);
				GCC_WARN_64_TO_32_BIT_CONVERSION = YES;
				GCC_WARN_ABOUT_RETURN_TYPE = YES_ERROR;
				GCC_WARN_UNDECLARED_SELECTOR = YES;
				GCC_WARN_UNINITIALIZED_AUTOS = YES_AGGRESSIVE;
				GCC_WARN_UNUSED_FUNCTION = YES;
				GCC_WARN_UNUSED_VARIABLE = YES;
				MACOSX_DEPLOYMENT_TARGET = 10.14;
				MTL_ENABLE_DEBUG_INFO = INCLUDE_SOURCE;
				MTL_FAST_MATH = YES;
				ONLY_ACTIVE_ARCH = YES;
				SDKROOT = macosx;
			};
			name = Debug;
		};
		0BBCAA8A2211233400DD2A32 /* Release */ = {
			isa = XCBuildConfiguration;
			buildSettings = {
				ALWAYS_SEARCH_USER_PATHS = NO;
				CLANG_ANALYZER_NONNULL = YES;
				CLANG_ANALYZER_NUMBER_OBJECT_CONVERSION = YES_AGGRESSIVE;
				CLANG_CXX_LANGUAGE_STANDARD = "gnu++14";
				CLANG_CXX_LIBRARY = "libc++";
				CLANG_ENABLE_MODULES = YES;
				CLANG_ENABLE_OBJC_ARC = YES;
				CLANG_ENABLE_OBJC_WEAK = YES;
				CLANG_WARN_BLOCK_CAPTURE_AUTORELEASING = YES;
				CLANG_WARN_BOOL_CONVERSION = YES;
				CLANG_WARN_COMMA = YES;
				CLANG_WARN_CONSTANT_CONVERSION = YES;
				CLANG_WARN_DEPRECATED_OBJC_IMPLEMENTATIONS = YES;
				CLANG_WARN_DIRECT_OBJC_ISA_USAGE = YES_ERROR;
				CLANG_WARN_DOCUMENTATION_COMMENTS = YES;
				CLANG_WARN_EMPTY_BODY = YES;
				CLANG_WARN_ENUM_CONVERSION = YES;
				CLANG_WARN_INFINITE_RECURSION = YES;
				CLANG_WARN_INT_CONVERSION = YES;
				CLANG_WARN_NON_LITERAL_NULL_CONVERSION = YES;
				CLANG_WARN_OBJC_IMPLICIT_RETAIN_SELF = YES;
				CLANG_WARN_OBJC_LITERAL_CONVERSION = YES;
				CLANG_WARN_OBJC_ROOT_CLASS = YES_ERROR;
				CLANG_WARN_RANGE_LOOP_ANALYSIS = YES;
				CLANG_WARN_STRICT_PROTOTYPES = YES;
				CLANG_WARN_SUSPICIOUS_MOVE = YES;
				CLANG_WARN_UNGUARDED_AVAILABILITY = YES_AGGRESSIVE;
				CLANG_WARN_UNREACHABLE_CODE = YES;
				CLANG_WARN__DUPLICATE_METHOD_MATCH = YES;
				CODE_SIGN_IDENTITY = "-";
				COPY_PHASE_STRIP = NO;
				DEBUG_INFORMATION_FORMAT = "dwarf-with-dsym";
				ENABLE_NS_ASSERTIONS = NO;
				ENABLE_STRICT_OBJC_MSGSEND = YES;
				GCC_C_LANGUAGE_STANDARD = gnu11;
				GCC_NO_COMMON_BLOCKS = YES;
				GCC_WARN_64_TO_32_BIT_CONVERSION = YES;
				GCC_WARN_ABOUT_RETURN_TYPE = YES_ERROR;
				GCC_WARN_UNDECLARED_SELECTOR = YES;
				GCC_WARN_UNINITIALIZED_AUTOS = YES_AGGRESSIVE;
				GCC_WARN_UNUSED_FUNCTION = YES;
				GCC_WARN_UNUSED_VARIABLE = YES;
				MACOSX_DEPLOYMENT_TARGET = 10.14;
				MTL_ENABLE_DEBUG_INFO = NO;
				MTL_FAST_MATH = YES;
				SDKROOT = macosx;
			};
			name = Release;
		};
		0BBCAA8C2211233400DD2A32 /* Debug */ = {
			isa = XCBuildConfiguration;
			buildSettings = {
				CODE_SIGN_STYLE = Automatic;
				PRODUCT_NAME = "$(TARGET_NAME)";
			};
			name = Debug;
		};
		0BBCAA8D2211233400DD2A32 /* Release */ = {
			isa = XCBuildConfiguration;
			buildSettings = {
				CODE_SIGN_STYLE = Automatic;
				PRODUCT_NAME = "$(TARGET_NAME)";
			};
			name = Release;
		};
/* End XCBuildConfiguration section */

/* Begin XCConfigurationList section */
		0BBCAA7F2211233400DD2A32 /* Build configuration list for PBXProject "translate python to C++" */ = {
			isa = XCConfigurationList;
			buildConfigurations = (
				0BBCAA892211233400DD2A32 /* Debug */,
				0BBCAA8A2211233400DD2A32 /* Release */,
			);
			defaultConfigurationIsVisible = 0;
			defaultConfigurationName = Release;
		};
		0BBCAA8B2211233400DD2A32 /* Build configuration list for PBXNativeTarget "translate python to C++" */ = {
			isa = XCConfigurationList;
			buildConfigurations = (
				0BBCAA8C2211233400DD2A32 /* Debug */,
				0BBCAA8D2211233400DD2A32 /* Release */,
			);
			defaultConfigurationIsVisible = 0;
			defaultConfigurationName = Release;
		};
/* End XCConfigurationList section */
	};
	rootObject = 0BBCAA7C2211233400DD2A32 /* Project object */;
}
